dependencies:
- name: redpanda-operator
  repository: https://charts.vectorized.io
  version: v22.1.6
- name: ingress-nginx
  repository: https://kubernetes.github.io/ingress-nginx
  version: 4.6.0
digest: sha256:511bef08561a563a482ca6b470ec16b2ee176d92c58095ba889cfbeaba907856
generated: "2023-04-29T13:37:45.133763056+05:30"
