dependencies:
- name: redpanda-operator
  repository: https://charts.vectorized.io
  version: v22.1.6
- name: ingress-nginx
  repository: https://kubernetes.github.io/ingress-nginx
  version: 4.6.0
- name: cert-manager
  repository: https://charts.jetstack.io
  version: v1.11.0
- name: vector
  repository: https://helm.vector.dev
  version: 0.23.0
- name: kube-prometheus
  repository: https://charts.bitnami.com/bitnami
  version: 8.15.1
- name: loki
  repository: https://grafana.github.io/helm-charts
  version: 5.8.9
- name: grafana
  repository: https://charts.bitnami.com/bitnami
  version: 9.0.1
digest: sha256:711561e4b68a2fe9675c86ba8dc17c44e3291e29a2c92ad06dffd4599a6d96a0
generated: "2023-07-17T09:33:00.102232168+05:30"
